
Microsoft Visual Studio Solution File, Format Version 12.00
# Visual Studio Version 17
VisualStudioVersion = 17.3.32819.101
MinimumVisualStudioVersion = 10.0.40219.1
Project("{FAE04EC0-301F-11D3-BF4B-00C04F79EFBC}") = "WebApplication3", "WebApplication3\WebApplication3.csproj", "{844A5815-8727-44D7-B2C2-135D2AD315B2}"
EndProject
Global
	GlobalSection(SolutionConfigurationPlatforms) = preSolution
		Debug|Any CPU = Debug|Any CPU
		Release|Any CPU = Release|Any CPU
	EndGlobalSection
	GlobalSection(ProjectConfigurationPlatforms) = postSolution
		{844A5815-8727-44D7-B2C2-135D2AD315B2}.Debug|Any CPU.ActiveCfg = Debug|Any CPU
		{844A5815-8727-44D7-B2C2-135D2AD315B2}.Debug|Any CPU.Build.0 = Debug|Any CPU
		{844A5815-8727-44D7-B2C2-135D2AD315B2}.Release|Any CPU.ActiveCfg = Release|Any CPU
		{844A5815-8727-44D7-B2C2-135D2AD315B2}.Release|Any CPU.Build.0 = Release|Any CPU
	EndGlobalSection
	GlobalSection(SolutionProperties) = preSolution
		HideSolutionNode = FALSE
	EndGlobalSection
	GlobalSection(ExtensibilityGlobals) = postSolution
		SolutionGuid = {4216C1BB-5785-462A-9A4F-985E3425F244}
	EndGlobalSection
EndGlobal
